// !$*UTF8*$!
{
	archiveVersion = 1;
	classes = {
	};
	objectVersion = 50;
	objects = {

/* Begin PBXBuildFile section */
		ECF632C6209094AC00915745 /* AppDelegate.m in Sources */ = {isa = PBXBuildFile; fileRef = ECF632C5209094AC00915745 /* AppDelegate.m */; };
		ECF632C9209094AC00915745 /* ViewController.m in Sources */ = {isa = PBXBuildFile; fileRef = ECF632C8209094AC00915745 /* ViewController.m */; };
		ECF632CC209094AC00915745 /* Main.storyboard in Resources */ = {isa = PBXBuildFile; fileRef = ECF632CA209094AC00915745 /* Main.storyboard */; };
		ECF632CE209094AE00915745 /* Assets.xcassets in Resources */ = {isa = PBXBuildFile; fileRef = ECF632CD209094AE00915745 /* Assets.xcassets */; };
		ECF632D1209094AE00915745 /* LaunchScreen.storyboard in Resources */ = {isa = PBXBuildFile; fileRef = ECF632CF209094AE00915745 /* LaunchScreen.storyboard */; };
		ECF632D4209094AE00915745 /* main.m in Sources */ = {isa = PBXBuildFile; fileRef = ECF632D3209094AE00915745 /* main.m */; };
		ECF632E1209095AB00915745 /* BSScrollView.m in Sources */ = {isa = PBXBuildFile; fileRef = ECF632E0209095AB00915745 /* BSScrollView.m */; };
/* End PBXBuildFile section */

/* Begin PBXFileReference section */
		ECF632C1209094AC00915745 /* banner轮播Demo.app */ = {isa = PBXFileReference; explicitFileType = wrapper.application; includeInIndex = 0; path = "banner轮播Demo.app"; sourceTree = BUILT_PRODUCTS_DIR; };
		ECF632C4209094AC00915745 /* AppDelegate.h */ = {isa = PBXFileReference; lastKnownFileType = sourcecode.c.h; path = AppDelegate.h; sourceTree = "<group>"; };
		ECF632C5209094AC00915745 /* AppDelegate.m */ = {isa = PBXFileReference; lastKnownFileType = sourcecode.c.objc; path = AppDelegate.m; sourceTree = "<group>"; };
		ECF632C7209094AC00915745 /* ViewController.h */ = {isa = PBXFileReference; lastKnownFileType = sourcecode.c.h; path = ViewController.h; sourceTree = "<group>"; };
		ECF632C8209094AC00915745 /* ViewController.m */ = {isa = PBXFileReference; lastKnownFileType = sourcecode.c.objc; path = ViewController.m; sourceTree = "<group>"; };
		ECF632CB209094AC00915745 /* Base */ = {isa = PBXFileReference; lastKnownFileType = file.storyboard; name = Base; path = Base.lproj/Main.storyboard; sourceTree = "<group>"; };
		ECF632CD209094AE00915745 /* Assets.xcassets */ = {isa = PBXFileReference; lastKnownFileType = folder.assetcatalog; path = Assets.xcassets; sourceTree = "<group>"; };
		ECF632D0209094AE00915745 /* Base */ = {isa = PBXFileReference; lastKnownFileType = file.storyboard; name = Base; path = Base.lproj/LaunchScreen.storyboard; sourceTree = "<group>"; };
		ECF632D2209094AE00915745 /* Info.plist */ = {isa = PBXFileReference; lastKnownFileType = text.plist.xml; path = Info.plist; sourceTree = "<group>"; };
		ECF632D3209094AE00915745 /* main.m */ = {isa = PBXFileReference; lastKnownFileType = sourcecode.c.objc; path = main.m; sourceTree = "<group>"; };
		ECF632DF209095AB00915745 /* BSScrollView.h */ = {isa = PBXFileReference; fileEncoding = 4; lastKnownFileType = sourcecode.c.h; path = BSScrollView.h; sourceTree = "<group>"; };
		ECF632E0209095AB00915745 /* BSScrollView.m */ = {isa = PBXFileReference; fileEncoding = 4; lastKnownFileType = sourcecode.c.objc; path = BSScrollView.m; sourceTree = "<group>"; };
/* End PBXFileReference section */

/* Begin PBXFrameworksBuildPhase section */
		ECF632BE209094AC00915745 /* Frameworks */ = {
			isa = PBXFrameworksBuildPhase;
			buildActionMask = 2147483647;
			files = (
			);
			runOnlyForDeploymentPostprocessing = 0;
		};
/* End PBXFrameworksBuildPhase section */

/* Begin PBXGroup section */
		ECF632B8209094AC00915745 = {
			isa = PBXGroup;
			children = (
				ECF632DE2090956900915745 /* BSScrollView */,
				ECF632C3209094AC00915745 /* banner轮播Demo */,
				ECF632C2209094AC00915745 /* Products */,
			);
			sourceTree = "<group>";
		};
		ECF632C2209094AC00915745 /* Products */ = {
			isa = PBXGroup;
			children = (
				ECF632C1209094AC00915745 /* banner轮播Demo.app */,
			);
			name = Products;
			sourceTree = "<group>";
		};
		ECF632C3209094AC00915745 /* banner轮播Demo */ = {
			isa = PBXGroup;
			children = (
				ECF632C4209094AC00915745 /* AppDelegate.h */,
				ECF632C5209094AC00915745 /* AppDelegate.m */,
				ECF632C7209094AC00915745 /* ViewController.h */,
				ECF632C8209094AC00915745 /* ViewController.m */,
				ECF632CA209094AC00915745 /* Main.storyboard */,
				ECF632CD209094AE00915745 /* Assets.xcassets */,
				ECF632CF209094AE00915745 /* LaunchScreen.storyboard */,
				ECF632D2209094AE00915745 /* Info.plist */,
				ECF632D3209094AE00915745 /* main.m */,
			);
			path = "banner轮播Demo";
			sourceTree = "<group>";
		};
		ECF632DE2090956900915745 /* BSScrollView */ = {
			isa = PBXGroup;
			children = (
				ECF632DF209095AB00915745 /* BSScrollView.h */,
				ECF632E0209095AB00915745 /* BSScrollView.m */,
			);
			path = BSScrollView;
			sourceTree = "<group>";
		};
/* End PBXGroup section */

/* Begin PBXNativeTarget section */
		ECF632C0209094AC00915745 /* banner轮播Demo */ = {
			isa = PBXNativeTarget;
			buildConfigurationList = ECF632D7209094AE00915745 /* Build configuration list for PBXNativeTarget "banner轮播Demo" */;
			buildPhases = (
				ECF632BD209094AC00915745 /* Sources */,
				ECF632BE209094AC00915745 /* Frameworks */,
				ECF632BF209094AC00915745 /* Resources */,
			);
			buildRules = (
			);
			dependencies = (
			);
			name = "banner轮播Demo";
			productName = "banner轮播Demo";
			productReference = ECF632C1209094AC00915745 /* banner轮播Demo.app */;
			productType = "com.apple.product-type.application";
		};
/* End PBXNativeTarget section */

/* Begin PBXProject section */
		ECF632B9209094AC00915745 /* Project object */ = {
			isa = PBXProject;
			attributes = {
				LastUpgradeCheck = 0930;
				ORGANIZATIONNAME = Tank;
				TargetAttributes = {
					ECF632C0209094AC00915745 = {
						CreatedOnToolsVersion = 9.3;
					};
				};
			};
			buildConfigurationList = ECF632BC209094AC00915745 /* Build configuration list for PBXProject "banner轮播Demo" */;
			compatibilityVersion = "Xcode 9.3";
			developmentRegion = en;
			hasScannedForEncodings = 0;
			knownRegions = (
				en,
				Base,
			);
			mainGroup = ECF632B8209094AC00915745;
			productRefGroup = ECF632C2209094AC00915745 /* Products */;
			projectDirPath = "";
			projectRoot = "";
			targets = (
				ECF632C0209094AC00915745 /* banner轮播Demo */,
			);
		};
/* End PBXProject section */

/* Begin PBXResourcesBuildPhase section */
		ECF632BF209094AC00915745 /* Resources */ = {
			isa = PBXResourcesBuildPhase;
			buildActionMask = 2147483647;
			files = (
				ECF632D1209094AE00915745 /* LaunchScreen.storyboard in Resources */,
				ECF632CE209094AE00915745 /* Assets.xcassets in Resources */,
				ECF632CC209094AC00915745 /* Main.storyboard in Resources */,
			);
			runOnlyForDeploymentPostprocessing = 0;
		};
/* End PBXResourcesBuildPhase section */

/* Begin PBXSourcesBuildPhase section */
		ECF632BD209094AC00915745 /* Sources */ = {
			isa = PBXSourcesBuildPhase;
			buildActionMask = 2147483647;
			files = (
				ECF632E1209095AB00915745 /* BSScrollView.m in Sources */,
				ECF632C9209094AC00915745 /* ViewController.m in Sources */,
				ECF632D4209094AE00915745 /* main.m in Sources */,
				ECF632C6209094AC00915745 /* AppDelegate.m in Sources */,
			);
			runOnlyForDeploymentPostprocessing = 0;
		};
/* End PBXSourcesBuildPhase section */

/* Begin PBXVariantGroup section */
		ECF632CA209094AC00915745 /* Main.storyboard */ = {
			isa = PBXVariantGroup;
			children = (
				ECF632CB209094AC00915745 /* Base */,
			);
			name = Main.storyboard;
			sourceTree = "<group>";
		};
		ECF632CF209094AE00915745 /* LaunchScreen.storyboard */ = {
			isa = PBXVariantGroup;
			children = (
				ECF632D0209094AE00915745 /* Base */,
			);
			name = LaunchScreen.storyboard;
			sourceTree = "<group>";
		};
/* End PBXVariantGroup section */

/* Begin XCBuildConfiguration section */
		ECF632D5209094AE00915745 /* Debug */ = {
			isa = XCBuildConfiguration;
			buildSettings = {
				ALWAYS_SEARCH_USER_PATHS = NO;
				CLANG_ANALYZER_NONNULL = YES;
				CLANG_ANALYZER_NUMBER_OBJECT_CONVERSION = YES_AGGRESSIVE;
				CLANG_CXX_LANGUAGE_STANDARD = "gnu++14";
				CLANG_CXX_LIBRARY = "libc++";
				CLANG_ENABLE_MODULES = YES;
				CLANG_ENABLE_OBJC_ARC = YES;
				CLANG_ENABLE_OBJC_WEAK = YES;
				CLANG_WARN_BLOCK_CAPTURE_AUTORELEASING = YES;
				CLANG_WARN_BOOL_CONVERSION = YES;
				CLANG_WARN_COMMA = YES;
				CLANG_WARN_CONSTANT_CONVERSION = YES;
				CLANG_WARN_DEPRECATED_OBJC_IMPLEMENTATIONS = YES;
				CLANG_WARN_DIRECT_OBJC_ISA_USAGE = YES_ERROR;
				CLANG_WARN_DOCUMENTATION_COMMENTS = YES;
				CLANG_WARN_EMPTY_BODY = YES;
				CLANG_WARN_ENUM_CONVERSION = YES;
				CLANG_WARN_INFINITE_RECURSION = YES;
				CLANG_WARN_INT_CONVERSION = YES;
				CLANG_WARN_NON_LITERAL_NULL_CONVERSION = YES;
				CLANG_WARN_OBJC_IMPLICIT_RETAIN_SELF = YES;
				CLANG_WARN_OBJC_LITERAL_CONVERSION = YES;
				CLANG_WARN_OBJC_ROOT_CLASS = YES_ERROR;
				CLANG_WARN_RANGE_LOOP_ANALYSIS = YES;
				CLANG_WARN_STRICT_PROTOTYPES = YES;
				CLANG_WARN_SUSPICIOUS_MOVE = YES;
				CLANG_WARN_UNGUARDED_AVAILABILITY = YES_AGGRESSIVE;
				CLANG_WARN_UNREACHABLE_CODE = YES;
				CLANG_WARN__DUPLICATE_METHOD_MATCH = YES;
				CODE_SIGN_IDENTITY = "iPhone Developer";
				COPY_PHASE_STRIP = NO;
				DEBUG_INFORMATION_FORMAT = dwarf;
				ENABLE_STRICT_OBJC_MSGSEND = YES;
				ENABLE_TESTABILITY = YES;
				GCC_C_LANGUAGE_STANDARD = gnu11;
				GCC_DYNAMIC_NO_PIC = NO;
				GCC_NO_COMMON_BLOCKS = YES;
				GCC_OPTIMIZATION_LEVEL = 0;
				GCC_PREPROCESSOR_DEFINITIONS = (
					"DEBUG=1",
					"$(inherited)",
				);
				GCC_WARN_64_TO_32_BIT_CONVERSION = YES;
				GCC_WARN_ABOUT_RETURN_TYPE = YES_ERROR;
				GCC_WARN_UNDECLARED_SELECTOR = YES;
				GCC_WARN_UNINITIALIZED_AUTOS = YES_AGGRESSIVE;
				GCC_WARN_UNUSED_FUNCTION = YES;
				GCC_WARN_UNUSED_VARIABLE = YES;
				IPHONEOS_DEPLOYMENT_TARGET = 11.3;
				MTL_ENABLE_DEBUG_INFO = YES;
				ONLY_ACTIVE_ARCH = YES;
				SDKROOT = iphoneos;
			};
			name = Debug;
		};
		ECF632D6209094AE00915745 /* Release */ = {
			isa = XCBuildConfiguration;
			buildSettings = {
				ALWAYS_SEARCH_USER_PATHS = NO;
				CLANG_ANALYZER_NONNULL = YES;
				CLANG_ANALYZER_NUMBER_OBJECT_CONVERSION = YES_AGGRESSIVE;
				CLANG_CXX_LANGUAGE_STANDARD = "gnu++14";
				CLANG_CXX_LIBRARY = "libc++";
				CLANG_ENABLE_MODULES = YES;
				CLANG_ENABLE_OBJC_ARC = YES;
				CLANG_ENABLE_OBJC_WEAK = YES;
				CLANG_WARN_BLOCK_CAPTURE_AUTORELEASING = YES;
				CLANG_WARN_BOOL_CONVERSION = YES;
				CLANG_WARN_COMMA = YES;
				CLANG_WARN_CONSTANT_CONVERSION = YES;
				CLANG_WARN_DEPRECATED_OBJC_IMPLEMENTATIONS = YES;
				CLANG_WARN_DIRECT_OBJC_ISA_USAGE = YES_ERROR;
				CLANG_WARN_DOCUMENTATION_COMMENTS = YES;
				CLANG_WARN_EMPTY_BODY = YES;
				CLANG_WARN_ENUM_CONVERSION = YES;
				CLANG_WARN_INFINITE_RECURSION = YES;
				CLANG_WARN_INT_CONVERSION = YES;
				CLANG_WARN_NON_LITERAL_NULL_CONVERSION = YES;
				CLANG_WARN_OBJC_IMPLICIT_RETAIN_SELF = YES;
				CLANG_WARN_OBJC_LITERAL_CONVERSION = YES;
				CLANG_WARN_OBJC_ROOT_CLASS = YES_ERROR;
				CLANG_WARN_RANGE_LOOP_ANALYSIS = YES;
				CLANG_WARN_STRICT_PROTOTYPES = YES;
				CLANG_WARN_SUSPICIOUS_MOVE = YES;
				CLANG_WARN_UNGUARDED_AVAILABILITY = YES_AGGRESSIVE;
				CLANG_WARN_UNREACHABLE_CODE = YES;
				CLANG_WARN__DUPLICATE_METHOD_MATCH = YES;
				CODE_SIGN_IDENTITY = "iPhone Developer";
				COPY_PHASE_STRIP = NO;
				DEBUG_INFORMATION_FORMAT = "dwarf-with-dsym";
				ENABLE_NS_ASSERTIONS = NO;
				ENABLE_STRICT_OBJC_MSGSEND = YES;
				GCC_C_LANGUAGE_STANDARD = gnu11;
				GCC_NO_COMMON_BLOCKS = YES;
				GCC_WARN_64_TO_32_BIT_CONVERSION = YES;
				GCC_WARN_ABOUT_RETURN_TYPE = YES_ERROR;
				GCC_WARN_UNDECLARED_SELECTOR = YES;
				GCC_WARN_UNINITIALIZED_AUTOS = YES_AGGRESSIVE;
				GCC_WARN_UNUSED_FUNCTION = YES;
				GCC_WARN_UNUSED_VARIABLE = YES;
				IPHONEOS_DEPLOYMENT_TARGET = 11.3;
				MTL_ENABLE_DEBUG_INFO = NO;
				SDKROOT = iphoneos;
				VALIDATE_PRODUCT = YES;
			};
			name = Release;
		};
		ECF632D8209094AE00915745 /* Debug */ = {
			isa = XCBuildConfiguration;
			buildSettings = {
				ASSETCATALOG_COMPILER_APPICON_NAME = AppIcon;
				CODE_SIGN_STYLE = Automatic;
				DEVELOPMENT_TEAM = KYJELJV7F9;
				INFOPLIST_FILE = "banner轮播Demo/Info.plist";
				LD_RUNPATH_SEARCH_PATHS = (
					"$(inherited)",
					"@executable_path/Frameworks",
				);
				PRODUCT_BUNDLE_IDENTIFIER = "com.dty.banner--Demo";
				PRODUCT_NAME = "$(TARGET_NAME)";
				TARGETED_DEVICE_FAMILY = "1,2";
			};
			name = Debug;
		};
		ECF632D9209094AE00915745 /* Release */ = {
			isa = XCBuildConfiguration;
			buildSettings = {
				ASSETCATALOG_COMPILER_APPICON_NAME = AppIcon;
				CODE_SIGN_STYLE = Automatic;
				DEVELOPMENT_TEAM = KYJELJV7F9;
				INFOPLIST_FILE = "banner轮播Demo/Info.plist";
				LD_RUNPATH_SEARCH_PATHS = (
					"$(inherited)",
					"@executable_path/Frameworks",
				);
				PRODUCT_BUNDLE_IDENTIFIER = "com.dty.banner--Demo";
				PRODUCT_NAME = "$(TARGET_NAME)";
				TARGETED_DEVICE_FAMILY = "1,2";
			};
			name = Release;
		};
/* End XCBuildConfiguration section */

/* Begin XCConfigurationList section */
		ECF632BC209094AC00915745 /* Build configuration list for PBXProject "banner轮播Demo" */ = {
			isa = XCConfigurationList;
			buildConfigurations = (
				ECF632D5209094AE00915745 /* Debug */,
				ECF632D6209094AE00915745 /* Release */,
			);
			defaultConfigurationIsVisible = 0;
			defaultConfigurationName = Release;
		};
		ECF632D7209094AE00915745 /* Build configuration list for PBXNativeTarget "banner轮播Demo" */ = {
			isa = XCConfigurationList;
			buildConfigurations = (
				ECF632D8209094AE00915745 /* Debug */,
				ECF632D9209094AE00915745 /* Release */,
			);
			defaultConfigurationIsVisible = 0;
			defaultConfigurationName = Release;
		};
/* End XCConfigurationList section */
	};
	rootObject = ECF632B9209094AC00915745 /* Project object */;
}
